// !$*UTF8*$!
{
	archiveVersion = 1;
	classes = {
	};
	objectVersion = 77;
	objects = {

/* Begin PBXBuildFile section */
		2D4D09572E2186D7007E15DC /* Sparkle in Frameworks */ = {isa = PBXBuildFile; productRef = 2D4D09562E2186D7007E15DC /* Sparkle */; };
/* End PBXBuildFile section */

/* Begin PBXContainerItemProxy section */
		2D8E19492DB969C800AE060C /* PBXContainerItemProxy */ = {
			isa = PBXContainerItemProxy;
			containerPortal = 2D8E19302DB969C400AE060C /* Project object */;
			proxyType = 1;
			remoteGlobalIDString = 2D8E19372DB969C400AE060C;
			remoteInfo = cutepomo;
		};
		2D8E19532DB969C800AE060C /* PBXContainerItemProxy */ = {
			isa = PBXContainerItemProxy;
			containerPortal = 2D8E19302DB969C400AE060C /* Project object */;
			proxyType = 1;
			remoteGlobalIDString = 2D8E19372DB969C400AE060C;
			remoteInfo = cutepomo;
		};
/* End PBXContainerItemProxy section */

/* Begin PBXFileReference section */
		2D8E19382DB969C400AE060C /* cutepomo.app */ = {isa = PBXFileReference; explicitFileType = wrapper.application; includeInIndex = 0; path = cutepomo.app; sourceTree = BUILT_PRODUCTS_DIR; };
		2D8E19482DB969C800AE060C /* cutepomoTests.xctest */ = {isa = PBXFileReference; explicitFileType = wrapper.cfbundle; includeInIndex = 0; path = cutepomoTests.xctest; sourceTree = BUILT_PRODUCTS_DIR; };
		2D8E19522DB969C800AE060C /* cutepomoUITests.xctest */ = {isa = PBXFileReference; explicitFileType = wrapper.cfbundle; includeInIndex = 0; path = cutepomoUITests.xctest; sourceTree = BUILT_PRODUCTS_DIR; };
/* End PBXFileReference section */

/* Begin PBXFileSystemSynchronizedBuildFileExceptionSet section */
		2D7986DB2DFE5CE600710B9A /* Exceptions for "cutepomo" folder in "cutepomo" target */ = {
			isa = PBXFileSystemSynchronizedBuildFileExceptionSet;
			membershipExceptions = (
				Info.plist,
			);
			target = 2D8E19372DB969C400AE060C /* cutepomo */;
		};
/* End PBXFileSystemSynchronizedBuildFileExceptionSet section */

/* Begin PBXFileSystemSynchronizedRootGroup section */
		2D8E193A2DB969C400AE060C /* cutepomo */ = {
			isa = PBXFileSystemSynchronizedRootGroup;
			exceptions = (
				2D7986DB2DFE5CE600710B9A /* Exceptions for "cutepomo" folder in "cutepomo" target */,
			);
			path = cutepomo;
			sourceTree = "<group>";
		};
		2D8E194B2DB969C800AE060C /* cutepomoTests */ = {
			isa = PBXFileSystemSynchronizedRootGroup;
			path = cutepomoTests;
			sourceTree = "<group>";
		};
		2D8E19552DB969C800AE060C /* cutepomoUITests */ = {
			isa = PBXFileSystemSynchronizedRootGroup;
			path = cutepomoUITests;
			sourceTree = "<group>";
		};
/* End PBXFileSystemSynchronizedRootGroup section */

/* Begin PBXFrameworksBuildPhase section */
		2D8E19352DB969C400AE060C /* Frameworks */ = {
			isa = PBXFrameworksBuildPhase;
			buildActionMask = 2147483647;
			files = (
				2D4D09572E2186D7007E15DC /* Sparkle in Frameworks */,
			);
			runOnlyForDeploymentPostprocessing = 0;
		};
		2D8E19452DB969C800AE060C /* Frameworks */ = {
			isa = PBXFrameworksBuildPhase;
			buildActionMask = 2147483647;
			files = (
			);
			runOnlyForDeploymentPostprocessing = 0;
		};
		2D8E194F2DB969C800AE060C /* Frameworks */ = {
			isa = PBXFrameworksBuildPhase;
			buildActionMask = 2147483647;
			files = (
			);
			runOnlyForDeploymentPostprocessing = 0;
		};
/* End PBXFrameworksBuildPhase section */

/* Begin PBXGroup section */
		2D7986D92DFE5BC200710B9A /* Frameworks */ = {
			isa = PBXGroup;
			children = (
			);
			name = Frameworks;
			sourceTree = "<group>";
		};
		2D8E192F2DB969C400AE060C = {
			isa = PBXGroup;
			children = (
				2D8E193A2DB969C400AE060C /* cutepomo */,
				2D8E194B2DB969C800AE060C /* cutepomoTests */,
				2D8E19552DB969C800AE060C /* cutepomoUITests */,
				2D7986D92DFE5BC200710B9A /* Frameworks */,
				2D8E19392DB969C400AE060C /* Products */,
			);
			sourceTree = "<group>";
		};
		2D8E19392DB969C400AE060C /* Products */ = {
			isa = PBXGroup;
			children = (
				2D8E19382DB969C400AE060C /* cutepomo.app */,
				2D8E19482DB969C800AE060C /* cutepomoTests.xctest */,
				2D8E19522DB969C800AE060C /* cutepomoUITests.xctest */,
			);
			name = Products;
			sourceTree = "<group>";
		};
/* End PBXGroup section */

/* Begin PBXNativeTarget section */
		2D8E19372DB969C400AE060C /* cutepomo */ = {
			isa = PBXNativeTarget;
			buildConfigurationList = 2D8E195C2DB969C800AE060C /* Build configuration list for PBXNativeTarget "cutepomo" */;
			buildPhases = (
				2D8E19342DB969C400AE060C /* Sources */,
				2D8E19352DB969C400AE060C /* Frameworks */,
				2D8E19362DB969C400AE060C /* Resources */,
			);
			buildRules = (
			);
			dependencies = (
			);
			fileSystemSynchronizedGroups = (
				2D8E193A2DB969C400AE060C /* cutepomo */,
			);
			name = cutepomo;
			packageProductDependencies = (
				2D4D09562E2186D7007E15DC /* Sparkle */,
			);
			productName = cutepomo;
			productReference = 2D8E19382DB969C400AE060C /* cutepomo.app */;
			productType = "com.apple.product-type.application";
		};
		2D8E19472DB969C800AE060C /* cutepomoTests */ = {
			isa = PBXNativeTarget;
			buildConfigurationList = 2D8E195F2DB969C800AE060C /* Build configuration list for PBXNativeTarget "cutepomoTests" */;
			buildPhases = (
				2D8E19442DB969C800AE060C /* Sources */,
				2D8E19452DB969C800AE060C /* Frameworks */,
				2D8E19462DB969C800AE060C /* Resources */,
			);
			buildRules = (
			);
			dependencies = (
				2D8E194A2DB969C800AE060C /* PBXTargetDependency */,
			);
			fileSystemSynchronizedGroups = (
				2D8E194B2DB969C800AE060C /* cutepomoTests */,
			);
			name = cutepomoTests;
			packageProductDependencies = (
			);
			productName = cutepomoTests;
			productReference = 2D8E19482DB969C800AE060C /* cutepomoTests.xctest */;
			productType = "com.apple.product-type.bundle.unit-test";
		};
		2D8E19512DB969C800AE060C /* cutepomoUITests */ = {
			isa = PBXNativeTarget;
			buildConfigurationList = 2D8E19622DB969C800AE060C /* Build configuration list for PBXNativeTarget "cutepomoUITests" */;
			buildPhases = (
				2D8E194E2DB969C800AE060C /* Sources */,
				2D8E194F2DB969C800AE060C /* Frameworks */,
				2D8E19502DB969C800AE060C /* Resources */,
			);
			buildRules = (
			);
			dependencies = (
				2D8E19542DB969C800AE060C /* PBXTargetDependency */,
			);
			fileSystemSynchronizedGroups = (
				2D8E19552DB969C800AE060C /* cutepomoUITests */,
			);
			name = cutepomoUITests;
			packageProductDependencies = (
			);
			productName = cutepomoUITests;
			productReference = 2D8E19522DB969C800AE060C /* cutepomoUITests.xctest */;
			productType = "com.apple.product-type.bundle.ui-testing";
		};
/* End PBXNativeTarget section */

/* Begin PBXProject section */
		2D8E19302DB969C400AE060C /* Project object */ = {
			isa = PBXProject;
			attributes = {
				BuildIndependentTargetsInParallel = 1;
				LastSwiftUpdateCheck = 1630;
				LastUpgradeCheck = 2600;
				TargetAttributes = {
					2D8E19372DB969C400AE060C = {
						CreatedOnToolsVersion = 16.3;
					};
					2D8E19472DB969C800AE060C = {
						CreatedOnToolsVersion = 16.3;
						TestTargetID = 2D8E19372DB969C400AE060C;
					};
					2D8E19512DB969C800AE060C = {
						CreatedOnToolsVersion = 16.3;
						TestTargetID = 2D8E19372DB969C400AE060C;
					};
				};
			};
			buildConfigurationList = 2D8E19332DB969C400AE060C /* Build configuration list for PBXProject "cutepomo" */;
			developmentRegion = en;
			hasScannedForEncodings = 0;
			knownRegions = (
				en,
				Base,
				de,
				ar,
				"zh-Hans",
				"nl-BE",
				it,
				ko,
				"zh-Hant",
				ru,
			);
			mainGroup = 2D8E192F2DB969C400AE060C;
			minimizedProjectReferenceProxies = 1;
			packageReferences = (
				2D4D09552E2186D7007E15DC /* XCRemoteSwiftPackageReference "Sparkle" */,
			);
			preferredProjectObjectVersion = 77;
			productRefGroup = 2D8E19392DB969C400AE060C /* Products */;
			projectDirPath = "";
			projectRoot = "";
			targets = (
				2D8E19372DB969C400AE060C /* cutepomo */,
				2D8E19472DB969C800AE060C /* cutepomoTests */,
				2D8E19512DB969C800AE060C /* cutepomoUITests */,
			);
		};
/* End PBXProject section */

/* Begin PBXResourcesBuildPhase section */
		2D8E19362DB969C400AE060C /* Resources */ = {
			isa = PBXResourcesBuildPhase;
			buildActionMask = 2147483647;
			files = (
			);
			runOnlyForDeploymentPostprocessing = 0;
		};
		2D8E19462DB969C800AE060C /* Resources */ = {
			isa = PBXResourcesBuildPhase;
			buildActionMask = 2147483647;
			files = (
			);
			runOnlyForDeploymentPostprocessing = 0;
		};
		2D8E19502DB969C800AE060C /* Resources */ = {
			isa = PBXResourcesBuildPhase;
			buildActionMask = 2147483647;
			files = (
			);
			runOnlyForDeploymentPostprocessing = 0;
		};
/* End PBXResourcesBuildPhase section */

/* Begin PBXSourcesBuildPhase section */
		2D8E19342DB969C400AE060C /* Sources */ = {
			isa = PBXSourcesBuildPhase;
			buildActionMask = 2147483647;
			files = (
			);
			runOnlyForDeploymentPostprocessing = 0;
		};
		2D8E19442DB969C800AE060C /* Sources */ = {
			isa = PBXSourcesBuildPhase;
			buildActionMask = 2147483647;
			files = (
			);
			runOnlyForDeploymentPostprocessing = 0;
		};
		2D8E194E2DB969C800AE060C /* Sources */ = {
			isa = PBXSourcesBuildPhase;
			buildActionMask = 2147483647;
			files = (
			);
			runOnlyForDeploymentPostprocessing = 0;
		};
/* End PBXSourcesBuildPhase section */

/* Begin PBXTargetDependency section */
		2D8E194A2DB969C800AE060C /* PBXTargetDependency */ = {
			isa = PBXTargetDependency;
			target = 2D8E19372DB969C400AE060C /* cutepomo */;
			targetProxy = 2D8E19492DB969C800AE060C /* PBXContainerItemProxy */;
		};
		2D8E19542DB969C800AE060C /* PBXTargetDependency */ = {
			isa = PBXTargetDependency;
			target = 2D8E19372DB969C400AE060C /* cutepomo */;
			targetProxy = 2D8E19532DB969C800AE060C /* PBXContainerItemProxy */;
		};
/* End PBXTargetDependency section */

/* Begin XCBuildConfiguration section */
		2D8E195A2DB969C800AE060C /* Debug */ = {
			isa = XCBuildConfiguration;
			buildSettings = {
				ALWAYS_SEARCH_USER_PATHS = NO;
				ASSETCATALOG_COMPILER_GENERATE_SWIFT_ASSET_SYMBOL_EXTENSIONS = YES;
				CLANG_ANALYZER_LOCALIZABILITY_NONLOCALIZED = YES;
				CLANG_ANALYZER_NONNULL = YES;
				CLANG_ANALYZER_NUMBER_OBJECT_CONVERSION = YES_AGGRESSIVE;
				CLANG_CXX_LANGUAGE_STANDARD = "gnu++20";
				CLANG_ENABLE_MODULES = YES;
				CLANG_ENABLE_OBJC_ARC = YES;
				CLANG_ENABLE_OBJC_WEAK = YES;
				CLANG_WARN_BLOCK_CAPTURE_AUTORELEASING = YES;
				CLANG_WARN_BOOL_CONVERSION = YES;
				CLANG_WARN_COMMA = YES;
				CLANG_WARN_CONSTANT_CONVERSION = YES;
				CLANG_WARN_DEPRECATED_OBJC_IMPLEMENTATIONS = YES;
				CLANG_WARN_DIRECT_OBJC_ISA_USAGE = YES_ERROR;
				CLANG_WARN_DOCUMENTATION_COMMENTS = YES;
				CLANG_WARN_EMPTY_BODY = YES;
				CLANG_WARN_ENUM_CONVERSION = YES;
				CLANG_WARN_INFINITE_RECURSION = YES;
				CLANG_WARN_INT_CONVERSION = YES;
				CLANG_WARN_NON_LITERAL_NULL_CONVERSION = YES;
				CLANG_WARN_OBJC_IMPLICIT_RETAIN_SELF = YES;
				CLANG_WARN_OBJC_LITERAL_CONVERSION = YES;
				CLANG_WARN_OBJC_ROOT_CLASS = YES_ERROR;
				CLANG_WARN_QUOTED_INCLUDE_IN_FRAMEWORK_HEADER = YES;
				CLANG_WARN_RANGE_LOOP_ANALYSIS = YES;
				CLANG_WARN_STRICT_PROTOTYPES = YES;
				CLANG_WARN_SUSPICIOUS_MOVE = YES;
				CLANG_WARN_UNGUARDED_AVAILABILITY = YES_AGGRESSIVE;
				CLANG_WARN_UNREACHABLE_CODE = YES;
				CLANG_WARN__DUPLICATE_METHOD_MATCH = YES;
				COPY_PHASE_STRIP = NO;
				DEAD_CODE_STRIPPING = YES;
				DEBUG_INFORMATION_FORMAT = dwarf;
				DEVELOPMENT_TEAM = U586VKZ2JZ;
				ENABLE_STRICT_OBJC_MSGSEND = YES;
				ENABLE_TESTABILITY = YES;
				ENABLE_USER_SCRIPT_SANDBOXING = YES;
				"FRAMEWORK_SEARCH_PATHS[arch=*]" = "$(inherited)";
				GCC_C_LANGUAGE_STANDARD = gnu17;
				GCC_DYNAMIC_NO_PIC = NO;
				GCC_NO_COMMON_BLOCKS = YES;
				GCC_OPTIMIZATION_LEVEL = 0;
				GCC_PREPROCESSOR_DEFINITIONS = (
					"DEBUG=1",
					"$(inherited)",
				);
				GCC_WARN_64_TO_32_BIT_CONVERSION = YES;
				GCC_WARN_ABOUT_RETURN_TYPE = YES_ERROR;
				GCC_WARN_UNDECLARED_SELECTOR = YES;
				GCC_WARN_UNINITIALIZED_AUTOS = YES_AGGRESSIVE;
				GCC_WARN_UNUSED_FUNCTION = YES;
				GCC_WARN_UNUSED_VARIABLE = YES;
				LOCALIZATION_PREFERS_STRING_CATALOGS = YES;
				MACOSX_DEPLOYMENT_TARGET = 15.4;
				MTL_ENABLE_DEBUG_INFO = INCLUDE_SOURCE;
				MTL_FAST_MATH = YES;
				ONLY_ACTIVE_ARCH = YES;
				SDKROOT = macosx;
				STRING_CATALOG_GENERATE_SYMBOLS = YES;
				SWIFT_ACTIVE_COMPILATION_CONDITIONS = "DEBUG $(inherited)";
				SWIFT_OPTIMIZATION_LEVEL = "-Onone";
			};
			name = Debug;
		};
		2D8E195B2DB969C800AE060C /* Release */ = {
			isa = XCBuildConfiguration;
			buildSettings = {
				ALWAYS_SEARCH_USER_PATHS = NO;
				ASSETCATALOG_COMPILER_GENERATE_SWIFT_ASSET_SYMBOL_EXTENSIONS = YES;
				CLANG_ANALYZER_LOCALIZABILITY_NONLOCALIZED = YES;
				CLANG_ANALYZER_NONNULL = YES;
				CLANG_ANALYZER_NUMBER_OBJECT_CONVERSION = YES_AGGRESSIVE;
				CLANG_CXX_LANGUAGE_STANDARD = "gnu++20";
				CLANG_ENABLE_MODULES = YES;
				CLANG_ENABLE_OBJC_ARC = YES;
				CLANG_ENABLE_OBJC_WEAK = YES;
				CLANG_WARN_BLOCK_CAPTURE_AUTORELEASING = YES;
				CLANG_WARN_BOOL_CONVERSION = YES;
				CLANG_WARN_COMMA = YES;
				CLANG_WARN_CONSTANT_CONVERSION = YES;
				CLANG_WARN_DEPRECATED_OBJC_IMPLEMENTATIONS = YES;
				CLANG_WARN_DIRECT_OBJC_ISA_USAGE = YES_ERROR;
				CLANG_WARN_DOCUMENTATION_COMMENTS = YES;
				CLANG_WARN_EMPTY_BODY = YES;
				CLANG_WARN_ENUM_CONVERSION = YES;
				CLANG_WARN_INFINITE_RECURSION = YES;
				CLANG_WARN_INT_CONVERSION = YES;
				CLANG_WARN_NON_LITERAL_NULL_CONVERSION = YES;
				CLANG_WARN_OBJC_IMPLICIT_RETAIN_SELF = YES;
				CLANG_WARN_OBJC_LITERAL_CONVERSION = YES;
				CLANG_WARN_OBJC_ROOT_CLASS = YES_ERROR;
				CLANG_WARN_QUOTED_INCLUDE_IN_FRAMEWORK_HEADER = YES;
				CLANG_WARN_RANGE_LOOP_ANALYSIS = YES;
				CLANG_WARN_STRICT_PROTOTYPES = YES;
				CLANG_WARN_SUSPICIOUS_MOVE = YES;
				CLANG_WARN_UNGUARDED_AVAILABILITY = YES_AGGRESSIVE;
				CLANG_WARN_UNREACHABLE_CODE = YES;
				CLANG_WARN__DUPLICATE_METHOD_MATCH = YES;
				COPY_PHASE_STRIP = NO;
				DEAD_CODE_STRIPPING = YES;
				DEBUG_INFORMATION_FORMAT = "dwarf-with-dsym";
				DEVELOPMENT_TEAM = U586VKZ2JZ;
				ENABLE_NS_ASSERTIONS = NO;
				ENABLE_STRICT_OBJC_MSGSEND = YES;
				ENABLE_USER_SCRIPT_SANDBOXING = YES;
				"FRAMEWORK_SEARCH_PATHS[arch=*]" = "$(inherited)";
				GCC_C_LANGUAGE_STANDARD = gnu17;
				GCC_NO_COMMON_BLOCKS = YES;
				GCC_WARN_64_TO_32_BIT_CONVERSION = YES;
				GCC_WARN_ABOUT_RETURN_TYPE = YES_ERROR;
				GCC_WARN_UNDECLARED_SELECTOR = YES;
				GCC_WARN_UNINITIALIZED_AUTOS = YES_AGGRESSIVE;
				GCC_WARN_UNUSED_FUNCTION = YES;
				GCC_WARN_UNUSED_VARIABLE = YES;
				LOCALIZATION_PREFERS_STRING_CATALOGS = YES;
				MACOSX_DEPLOYMENT_TARGET = 15.4;
				MTL_ENABLE_DEBUG_INFO = NO;
				MTL_FAST_MATH = YES;
				SDKROOT = macosx;
				STRING_CATALOG_GENERATE_SYMBOLS = YES;
				SWIFT_COMPILATION_MODE = wholemodule;
			};
			name = Release;
		};
		2D8E195D2DB969C800AE060C /* Debug */ = {
			isa = XCBuildConfiguration;
			buildSettings = {
				ASSETCATALOG_COMPILER_APPICON_NAME = AppIcon;
				ASSETCATALOG_COMPILER_GLOBAL_ACCENT_COLOR_NAME = AccentColor;
				ASSETCATALOG_COMPILER_INCLUDE_ALL_APPICON_ASSETS = NO;
				CODE_SIGN_ENTITLEMENTS = cutepomo/cutepomo.entitlements;
				CODE_SIGN_STYLE = Automatic;
				COMBINE_HIDPI_IMAGES = YES;
				CURRENT_PROJECT_VERSION = 6;
				DEAD_CODE_STRIPPING = YES;
				DEVELOPMENT_TEAM = U586VKZ2JZ;
				ENABLE_APP_SANDBOX = YES;
				ENABLE_FILE_ACCESS_DOWNLOADS_FOLDER = readwrite;
				ENABLE_HARDENED_RUNTIME = YES;
				ENABLE_OUTGOING_NETWORK_CONNECTIONS = YES;
				ENABLE_PREVIEWS = YES;
				ENABLE_USER_SELECTED_FILES = readonly;
				GENERATE_INFOPLIST_FILE = YES;
				INFOPLIST_FILE = cutepomo/Info.plist;
				LD_RUNPATH_SEARCH_PATHS = (
					"$(inherited)",
					"@executable_path/../Frameworks",
				);
				MACOSX_DEPLOYMENT_TARGET = 15.0;
				MARKETING_VERSION = 1.0.0;
				PRODUCT_BUNDLE_IDENTIFIER = com.cutepomo.app;
				PRODUCT_NAME = "$(TARGET_NAME)";
				REGISTER_APP_GROUPS = YES;
				SWIFT_EMIT_LOC_STRINGS = YES;
				SWIFT_VERSION = 5.0;
			};
			name = Debug;
		};
		2D8E195E2DB969C800AE060C /* Release */ = {
			isa = XCBuildConfiguration;
			buildSettings = {
				ASSETCATALOG_COMPILER_APPICON_NAME = AppIcon;
				ASSETCATALOG_COMPILER_GLOBAL_ACCENT_COLOR_NAME = AccentColor;
				ASSETCATALOG_COMPILER_INCLUDE_ALL_APPICON_ASSETS = NO;
				CODE_SIGN_ENTITLEMENTS = cutepomo/cutepomo.entitlements;
				CODE_SIGN_STYLE = Automatic;
				COMBINE_HIDPI_IMAGES = YES;
				CURRENT_PROJECT_VERSION = 6;
				DEAD_CODE_STRIPPING = YES;
				DEVELOPMENT_TEAM = U586VKZ2JZ;
				ENABLE_APP_SANDBOX = YES;
				ENABLE_FILE_ACCESS_DOWNLOADS_FOLDER = readwrite;
				ENABLE_HARDENED_RUNTIME = YES;
				ENABLE_OUTGOING_NETWORK_CONNECTIONS = YES;
				ENABLE_PREVIEWS = YES;
				ENABLE_USER_SELECTED_FILES = readonly;
				GENERATE_INFOPLIST_FILE = YES;
				INFOPLIST_FILE = cutepomo/Info.plist;
				LD_RUNPATH_SEARCH_PATHS = (
					"$(inherited)",
					"@executable_path/../Frameworks",
				);
				MACOSX_DEPLOYMENT_TARGET = 15.0;
				MARKETING_VERSION = 1.0.0;
				PRODUCT_BUNDLE_IDENTIFIER = com.cutepomo.app;
				PRODUCT_NAME = "$(TARGET_NAME)";
				REGISTER_APP_GROUPS = YES;
				SWIFT_EMIT_LOC_STRINGS = YES;
				SWIFT_OPTIMIZATION_LEVEL = "-O";
				SWIFT_VERSION = 5.0;
			};
			name = Release;
		};
		2D8E19602DB969C800AE060C /* Debug */ = {
			isa = XCBuildConfiguration;
			buildSettings = {
				BUNDLE_LOADER = "$(TEST_HOST)";
				CODE_SIGN_STYLE = Automatic;
				CURRENT_PROJECT_VERSION = 1;
				DEAD_CODE_STRIPPING = YES;
				DEVELOPMENT_TEAM = U586VKZ2JZ;
				GENERATE_INFOPLIST_FILE = YES;
				MACOSX_DEPLOYMENT_TARGET = 14.0;
				MARKETING_VERSION = 1.0;
				PRODUCT_BUNDLE_IDENTIFIER = com.cutepomo.app.Tests;
				PRODUCT_NAME = "$(TARGET_NAME)";
				SWIFT_EMIT_LOC_STRINGS = NO;
				SWIFT_VERSION = 5.0;
				TEST_HOST = "$(BUILT_PRODUCTS_DIR)/cutepomo.app/$(BUNDLE_EXECUTABLE_FOLDER_PATH)/cutepomo";
			};
			name = Debug;
		};
		2D8E19612DB969C800AE060C /* Release */ = {
			isa = XCBuildConfiguration;
			buildSettings = {
				BUNDLE_LOADER = "$(TEST_HOST)";
				CODE_SIGN_STYLE = Automatic;
				CURRENT_PROJECT_VERSION = 1;
				DEAD_CODE_STRIPPING = YES;
				DEVELOPMENT_TEAM = U586VKZ2JZ;
				GENERATE_INFOPLIST_FILE = YES;
				MACOSX_DEPLOYMENT_TARGET = 14.0;
				MARKETING_VERSION = 1.0;
				PRODUCT_BUNDLE_IDENTIFIER = com.cutepomo.app.Tests;
				PRODUCT_NAME = "$(TARGET_NAME)";
				SWIFT_EMIT_LOC_STRINGS = NO;
				SWIFT_VERSION = 5.0;
				TEST_HOST = "$(BUILT_PRODUCTS_DIR)/cutepomo.app/$(BUNDLE_EXECUTABLE_FOLDER_PATH)/cutepomo";
			};
			name = Release;
		};
		2D8E19632DB969C800AE060C /* Debug */ = {
			isa = XCBuildConfiguration;
			buildSettings = {
				CODE_SIGN_STYLE = Automatic;
				CURRENT_PROJECT_VERSION = 1;
				DEAD_CODE_STRIPPING = YES;
				DEVELOPMENT_TEAM = U586VKZ2JZ;
				GENERATE_INFOPLIST_FILE = YES;
				MARKETING_VERSION = 1.0;
				PRODUCT_BUNDLE_IDENTIFIER = com.cutepomo.app.UITests;
				PRODUCT_NAME = "$(TARGET_NAME)";
				SWIFT_EMIT_LOC_STRINGS = NO;
				SWIFT_VERSION = 5.0;
				TEST_TARGET_NAME = cutepomo;
			};
			name = Debug;
		};
		2D8E19642DB969C800AE060C /* Release */ = {
			isa = XCBuildConfiguration;
			buildSettings = {
				CODE_SIGN_STYLE = Automatic;
				CURRENT_PROJECT_VERSION = 1;
				DEAD_CODE_STRIPPING = YES;
				DEVELOPMENT_TEAM = U586VKZ2JZ;
				GENERATE_INFOPLIST_FILE = YES;
				MARKETING_VERSION = 1.0;
				PRODUCT_BUNDLE_IDENTIFIER = com.cutepomo.app.UITests;
				PRODUCT_NAME = "$(TARGET_NAME)";
				SWIFT_EMIT_LOC_STRINGS = NO;
				SWIFT_VERSION = 5.0;
				TEST_TARGET_NAME = cutepomo;
			};
			name = Release;
		};
/* End XCBuildConfiguration section */

/* Begin XCConfigurationList section */
		2D8E19332DB969C400AE060C /* Build configuration list for PBXProject "cutepomo" */ = {
			isa = XCConfigurationList;
			buildConfigurations = (
				2D8E195A2DB969C800AE060C /* Debug */,
				2D8E195B2DB969C800AE060C /* Release */,
			);
			defaultConfigurationIsVisible = 0;
			defaultConfigurationName = Release;
		};
		2D8E195C2DB969C800AE060C /* Build configuration list for PBXNativeTarget "cutepomo" */ = {
			isa = XCConfigurationList;
			buildConfigurations = (
				2D8E195D2DB969C800AE060C /* Debug */,
				2D8E195E2DB969C800AE060C /* Release */,
			);
			defaultConfigurationIsVisible = 0;
			defaultConfigurationName = Release;
		};
		2D8E195F2DB969C800AE060C /* Build configuration list for PBXNativeTarget "cutepomoTests" */ = {
			isa = XCConfigurationList;
			buildConfigurations = (
				2D8E19602DB969C800AE060C /* Debug */,
				2D8E19612DB969C800AE060C /* Release */,
			);
			defaultConfigurationIsVisible = 0;
			defaultConfigurationName = Release;
		};
		2D8E19622DB969C800AE060C /* Build configuration list for PBXNativeTarget "cutepomoUITests" */ = {
			isa = XCConfigurationList;
			buildConfigurations = (
				2D8E19632DB969C800AE060C /* Debug */,
				2D8E19642DB969C800AE060C /* Release */,
			);
			defaultConfigurationIsVisible = 0;
			defaultConfigurationName = Release;
		};
/* End XCConfigurationList section */

/* Begin XCRemoteSwiftPackageReference section */
		2D4D09552E2186D7007E15DC /* XCRemoteSwiftPackageReference "Sparkle" */ = {
			isa = XCRemoteSwiftPackageReference;
			repositoryURL = "https://github.com/sparkle-project/Sparkle";
			requirement = {
				kind = upToNextMajorVersion;
				minimumVersion = 2.7.1;
			};
		};
/* End XCRemoteSwiftPackageReference section */

/* Begin XCSwiftPackageProductDependency section */
		2D4D09562E2186D7007E15DC /* Sparkle */ = {
			isa = XCSwiftPackageProductDependency;
			package = 2D4D09552E2186D7007E15DC /* XCRemoteSwiftPackageReference "Sparkle" */;
			productName = Sparkle;
		};
/* End XCSwiftPackageProductDependency section */
	};
	rootObject = 2D8E19302DB969C400AE060C /* Project object */;
}
